<?xml version="1.0" encoding="UTF-8" standalone="yes" ?>
<CodeBlocks_project_file>
	<FileVersion major="1" minor="6" />
	<Project>
		<Option title="padcon" />
		<Option makefile_is_custom="1" />
		<Option pch_mode="2" />
		<Option compiler="ppc-gcc" />
		<Build>
			<Target title="Debug">
				<Option output="bin/Debug/padcon" prefix_auto="1" extension_auto="1" />
				<Option object_output="obj/Debug/" />
				<Option type="1" />
				<Option compiler="ppc-gcc" />
				<Compiler>
					<Add option="-g" />
				</Compiler>
			</Target>
			<Target title="build">
				<Option output="bin/Release/padcon" prefix_auto="1" extension_auto="1" />
				<Option object_output="obj/Release/" />
				<Option type="1" />
				<Option compiler="ppc-gcc" />
				<Compiler>
					<Add option="-O2" />
				</Compiler>
			</Target>
		</Build>
		<Compiler>
			<Add option="-Wall" />
		</Compiler>
		<Unit filename="src/common/common.h" />
		<Unit filename="src/common/kernel_defs.h" />
		<Unit filename="src/common/loader_defs.h" />
		<Unit filename="src/common/os_defs.h" />
		<Unit filename="src/common/types.h" />
		<Unit filename="src/dynamic_libs/acp_functions.c">
			<Option compilerVar="CC" />
		</Unit>
		<Unit filename="src/dynamic_libs/acp_functions.h" />
		<Unit filename="src/dynamic_libs/aoc_functions.c">
			<Option compilerVar="CC" />
		</Unit>
		<Unit filename="src/dynamic_libs/aoc_functions.h" />
		<Unit filename="src/dynamic_libs/ax_functions.c">
			<Option compilerVar="CC" />
		</Unit>
		<Unit filename="src/dynamic_libs/ax_functions.h" />
		<Unit filename="src/dynamic_libs/curl_functions.c">
			<Option compilerVar="CC" />
		</Unit>
		<Unit filename="src/dynamic_libs/curl_functions.h" />
		<Unit filename="src/dynamic_libs/fs_defs.h" />
		<Unit filename="src/dynamic_libs/fs_functions.c">
			<Option compilerVar="CC" />
		</Unit>
		<Unit filename="src/dynamic_libs/fs_functions.h" />
		<Unit filename="src/dynamic_libs/gx2_functions.c">
			<Option compilerVar="CC" />
		</Unit>
		<Unit filename="src/dynamic_libs/gx2_functions.h" />
		<Unit filename="src/dynamic_libs/gx2_types.h" />
		<Unit filename="src/dynamic_libs/os_functions.c">
			<Option compilerVar="CC" />
		</Unit>
		<Unit filename="src/dynamic_libs/os_functions.h" />
		<Unit filename="src/dynamic_libs/padscore_functions.c">
			<Option compilerVar="CC" />
		</Unit>
		<Unit filename="src/dynamic_libs/padscore_functions.h" />
		<Unit filename="src/dynamic_libs/socket_functions.c">
			<Option compilerVar="CC" />
		</Unit>
		<Unit filename="src/dynamic_libs/socket_functions.h" />
		<Unit filename="src/dynamic_libs/sys_functions.c">
			<Option compilerVar="CC" />
		</Unit>
		<Unit filename="src/dynamic_libs/sys_functions.h" />
		<Unit filename="src/dynamic_libs/syshid_functions.c">
			<Option compilerVar="CC" />
		</Unit>
		<Unit filename="src/dynamic_libs/syshid_functions.h" />
		<Unit filename="src/dynamic_libs/vpad_functions.c">
			<Option compilerVar="CC" />
		</Unit>
		<Unit filename="src/dynamic_libs/vpad_functions.h" />
		<Unit filename="src/entry.c">
			<Option compilerVar="CC" />
		</Unit>
		<Unit filename="src/kernel/kernel_functions.c">
			<Option compilerVar="CC" />
		</Unit>
		<Unit filename="src/kernel/kernel_functions.h" />
		<Unit filename="src/kernel/kernel_hooks.S" />
		<Unit filename="src/kernel/syscalls.c">
			<Option compilerVar="CC" />
		</Unit>
		<Unit filename="src/kernel/syscalls.h" />
		<Unit filename="src/kernel/syscalls_asm.S" />
		<Unit filename="src/main.cpp" />
		<Unit filename="src/main.h" />
		<Unit filename="src/patcher/coreinit_function_patcher.h" />
		<Unit filename="src/patcher/fs_function_patcher.h" />
		<Unit filename="src/patcher/pad_function_patcher.cpp" />
		<Unit filename="src/patcher/pad_function_patcher.h" />
		<Unit filename="src/system/exception_handler.c">
			<Option compilerVar="CC" />
		</Unit>
		<Unit filename="src/system/exception_handler.h" />
		<Unit filename="src/system/memory.c">
			<Option compilerVar="CC" />
		</Unit>
		<Unit filename="src/system/memory.h" />
		<Unit filename="src/utils/function_patcher.cpp" />
		<Unit filename="src/utils/function_patcher.h" />
		<Unit filename="src/utils/logger.c">
			<Option compilerVar="CC" />
		</Unit>
		<Unit filename="src/utils/logger.h" />
		<Extensions>
			<code_completion />
			<envvars />
			<debugger />
			<lib_finder disable_auto="1" />
		</Extensions>
	</Project>
</CodeBlocks_project_file>
